// !$*UTF8*$!
{
	archiveVersion = 1;
	classes = {
	};
	objectVersion = 46;
	objects = {

/* Begin PBXBuildFile section */
		40DAA478382529AFA9063951 /* libPods.a in Frameworks */ = {isa = PBXBuildFile; fileRef = 29B8AA11EBB2102403E43C63 /* libPods.a */; };
		5A5BBCDB1B31AE0600F60D87 /* ToolViewEmotion@2x.png in Resources */ = {isa = PBXBuildFile; fileRef = 5A5BBCCF1B31AE0600F60D87 /* ToolViewEmotion@2x.png */; };
		5A5BBCDC1B31AE0600F60D87 /* ToolViewEmotion@3x.png in Resources */ = {isa = PBXBuildFile; fileRef = 5A5BBCD01B31AE0600F60D87 /* ToolViewEmotion@3x.png */; };
		5A5BBCDD1B31AE0600F60D87 /* ToolViewEmotionHL@2x.png in Resources */ = {isa = PBXBuildFile; fileRef = 5A5BBCD11B31AE0600F60D87 /* ToolViewEmotionHL@2x.png */; };
		5A5BBCDE1B31AE0600F60D87 /* ToolViewEmotionHL@3x.png in Resources */ = {isa = PBXBuildFile; fileRef = 5A5BBCD21B31AE0600F60D87 /* ToolViewEmotionHL@3x.png */; };
		5A5BBCDF1B31AE0600F60D87 /* ToolViewInputVoice@2x.png in Resources */ = {isa = PBXBuildFile; fileRef = 5A5BBCD31B31AE0600F60D87 /* ToolViewInputVoice@2x.png */; };
		5A5BBCE01B31AE0600F60D87 /* ToolViewInputVoice@3x.png in Resources */ = {isa = PBXBuildFile; fileRef = 5A5BBCD41B31AE0600F60D87 /* ToolViewInputVoice@3x.png */; };
		5A5BBCE11B31AE0600F60D87 /* ToolViewInputVoiceHL@2x.png in Resources */ = {isa = PBXBuildFile; fileRef = 5A5BBCD51B31AE0600F60D87 /* ToolViewInputVoiceHL@2x.png */; };
		5A5BBCE21B31AE0600F60D87 /* ToolViewInputVoiceHL@3x.png in Resources */ = {isa = PBXBuildFile; fileRef = 5A5BBCD61B31AE0600F60D87 /* ToolViewInputVoiceHL@3x.png */; };
		5A5BBCE31B31AE0600F60D87 /* ToolViewKeyboard@2x.png in Resources */ = {isa = PBXBuildFile; fileRef = 5A5BBCD71B31AE0600F60D87 /* ToolViewKeyboard@2x.png */; };
		5A5BBCE41B31AE0600F60D87 /* ToolViewKeyboard@3x.png in Resources */ = {isa = PBXBuildFile; fileRef = 5A5BBCD81B31AE0600F60D87 /* ToolViewKeyboard@3x.png */; };
		5A5BBCE51B31AE0600F60D87 /* ToolViewKeyboardHL@2x.png in Resources */ = {isa = PBXBuildFile; fileRef = 5A5BBCD91B31AE0600F60D87 /* ToolViewKeyboardHL@2x.png */; };
		5A5BBCE61B31AE0600F60D87 /* ToolViewKeyboardHL@3x.png in Resources */ = {isa = PBXBuildFile; fileRef = 5A5BBCDA1B31AE0600F60D87 /* ToolViewKeyboardHL@3x.png */; };
		5A5BBCEB1B31BE2000F60D87 /* TypeSelectorBtn_Black@2x.png in Resources */ = {isa = PBXBuildFile; fileRef = 5A5BBCE71B31BE2000F60D87 /* TypeSelectorBtn_Black@2x.png */; };
		5A5BBCEC1B31BE2000F60D87 /* TypeSelectorBtn_Black@3x.png in Resources */ = {isa = PBXBuildFile; fileRef = 5A5BBCE81B31BE2000F60D87 /* TypeSelectorBtn_Black@3x.png */; };
		5A5BBCED1B31BE2000F60D87 /* TypeSelectorBtnHL_Black@2x.png in Resources */ = {isa = PBXBuildFile; fileRef = 5A5BBCE91B31BE2000F60D87 /* TypeSelectorBtnHL_Black@2x.png */; };
		5A5BBCEE1B31BE2000F60D87 /* TypeSelectorBtnHL_Black@3x.png in Resources */ = {isa = PBXBuildFile; fileRef = 5A5BBCEA1B31BE2000F60D87 /* TypeSelectorBtnHL_Black@3x.png */; };
		5A843ACF1B304FD900ABD065 /* main.m in Sources */ = {isa = PBXBuildFile; fileRef = 5A843ACE1B304FD900ABD065 /* main.m */; };
		5A843AD21B304FD900ABD065 /* AppDelegate.m in Sources */ = {isa = PBXBuildFile; fileRef = 5A843AD11B304FD900ABD065 /* AppDelegate.m */; };
		5A843AD51B304FD900ABD065 /* ViewController.m in Sources */ = {isa = PBXBuildFile; fileRef = 5A843AD41B304FD900ABD065 /* ViewController.m */; };
		5A843AD81B304FD900ABD065 /* Main.storyboard in Resources */ = {isa = PBXBuildFile; fileRef = 5A843AD61B304FD900ABD065 /* Main.storyboard */; };
		5A843ADA1B304FD900ABD065 /* Images.xcassets in Resources */ = {isa = PBXBuildFile; fileRef = 5A843AD91B304FD900ABD065 /* Images.xcassets */; };
		5A843ADD1B304FD900ABD065 /* LaunchScreen.xib in Resources */ = {isa = PBXBuildFile; fileRef = 5A843ADB1B304FD900ABD065 /* LaunchScreen.xib */; };
		5A843AE91B304FD900ABD065 /* ChatKeyBoardTests.m in Sources */ = {isa = PBXBuildFile; fileRef = 5A843AE81B304FD900ABD065 /* ChatKeyBoardTests.m */; };
		5A843AF71B3050D200ABD065 /* YGMessageController.m in Sources */ = {isa = PBXBuildFile; fileRef = 5A843AF61B3050D200ABD065 /* YGMessageController.m */; };
		5A843AFA1B3051AB00ABD065 /* YGMessage.m in Sources */ = {isa = PBXBuildFile; fileRef = 5A843AF91B3051AB00ABD065 /* YGMessage.m */; };
		5A843AFD1B3051D500ABD065 /* YGSender.m in Sources */ = {isa = PBXBuildFile; fileRef = 5A843AFC1B3051D500ABD065 /* YGSender.m */; };
		5A843B001B30528500ABD065 /* YGInputView.m in Sources */ = {isa = PBXBuildFile; fileRef = 5A843AFF1B30528500ABD065 /* YGInputView.m */; };
/* End PBXBuildFile section */

/* Begin PBXContainerItemProxy section */
		5A843AE31B304FD900ABD065 /* PBXContainerItemProxy */ = {
			isa = PBXContainerItemProxy;
			containerPortal = 5A843AC11B304FD900ABD065 /* Project object */;
			proxyType = 1;
			remoteGlobalIDString = 5A843AC81B304FD900ABD065;
			remoteInfo = ChatKeyBoard;
		};
/* End PBXContainerItemProxy section */

/* Begin PBXFileReference section */
		29B8AA11EBB2102403E43C63 /* libPods.a */ = {isa = PBXFileReference; explicitFileType = archive.ar; includeInIndex = 0; path = libPods.a; sourceTree = BUILT_PRODUCTS_DIR; };
		5A5BBCC11B31A2BB00F60D87 /* YGGlobalHeader.h */ = {isa = PBXFileReference; lastKnownFileType = sourcecode.c.h; path = YGGlobalHeader.h; sourceTree = "<group>"; };
		5A5BBCCF1B31AE0600F60D87 /* ToolViewEmotion@2x.png */ = {isa = PBXFileReference; lastKnownFileType = image.png; path = "ToolViewEmotion@2x.png"; sourceTree = "<group>"; };
		5A5BBCD01B31AE0600F60D87 /* ToolViewEmotion@3x.png */ = {isa = PBXFileReference; lastKnownFileType = image.png; path = "ToolViewEmotion@3x.png"; sourceTree = "<group>"; };
		5A5BBCD11B31AE0600F60D87 /* ToolViewEmotionHL@2x.png */ = {isa = PBXFileReference; lastKnownFileType = image.png; path = "ToolViewEmotionHL@2x.png"; sourceTree = "<group>"; };
		5A5BBCD21B31AE0600F60D87 /* ToolViewEmotionHL@3x.png */ = {isa = PBXFileReference; lastKnownFileType = image.png; path = "ToolViewEmotionHL@3x.png"; sourceTree = "<group>"; };
		5A5BBCD31B31AE0600F60D87 /* ToolViewInputVoice@2x.png */ = {isa = PBXFileReference; lastKnownFileType = image.png; path = "ToolViewInputVoice@2x.png"; sourceTree = "<group>"; };
		5A5BBCD41B31AE0600F60D87 /* ToolViewInputVoice@3x.png */ = {isa = PBXFileReference; lastKnownFileType = image.png; path = "ToolViewInputVoice@3x.png"; sourceTree = "<group>"; };
		5A5BBCD51B31AE0600F60D87 /* ToolViewInputVoiceHL@2x.png */ = {isa = PBXFileReference; lastKnownFileType = image.png; path = "ToolViewInputVoiceHL@2x.png"; sourceTree = "<group>"; };
		5A5BBCD61B31AE0600F60D87 /* ToolViewInputVoiceHL@3x.png */ = {isa = PBXFileReference; lastKnownFileType = image.png; path = "ToolViewInputVoiceHL@3x.png"; sourceTree = "<group>"; };
		5A5BBCD71B31AE0600F60D87 /* ToolViewKeyboard@2x.png */ = {isa = PBXFileReference; lastKnownFileType = image.png; path = "ToolViewKeyboard@2x.png"; sourceTree = "<group>"; };
		5A5BBCD81B31AE0600F60D87 /* ToolViewKeyboard@3x.png */ = {isa = PBXFileReference; lastKnownFileType = image.png; path = "ToolViewKeyboard@3x.png"; sourceTree = "<group>"; };
		5A5BBCD91B31AE0600F60D87 /* ToolViewKeyboardHL@2x.png */ = {isa = PBXFileReference; lastKnownFileType = image.png; path = "ToolViewKeyboardHL@2x.png"; sourceTree = "<group>"; };
		5A5BBCDA1B31AE0600F60D87 /* ToolViewKeyboardHL@3x.png */ = {isa = PBXFileReference; lastKnownFileType = image.png; path = "ToolViewKeyboardHL@3x.png"; sourceTree = "<group>"; };
		5A5BBCE71B31BE2000F60D87 /* TypeSelectorBtn_Black@2x.png */ = {isa = PBXFileReference; lastKnownFileType = image.png; path = "TypeSelectorBtn_Black@2x.png"; sourceTree = "<group>"; };
		5A5BBCE81B31BE2000F60D87 /* TypeSelectorBtn_Black@3x.png */ = {isa = PBXFileReference; lastKnownFileType = image.png; path = "TypeSelectorBtn_Black@3x.png"; sourceTree = "<group>"; };
		5A5BBCE91B31BE2000F60D87 /* TypeSelectorBtnHL_Black@2x.png */ = {isa = PBXFileReference; lastKnownFileType = image.png; path = "TypeSelectorBtnHL_Black@2x.png"; sourceTree = "<group>"; };
		5A5BBCEA1B31BE2000F60D87 /* TypeSelectorBtnHL_Black@3x.png */ = {isa = PBXFileReference; lastKnownFileType = image.png; path = "TypeSelectorBtnHL_Black@3x.png"; sourceTree = "<group>"; };
		5A843AC91B304FD900ABD065 /* ChatKeyBoard.app */ = {isa = PBXFileReference; explicitFileType = wrapper.application; includeInIndex = 0; path = ChatKeyBoard.app; sourceTree = BUILT_PRODUCTS_DIR; };
		5A843ACD1B304FD900ABD065 /* Info.plist */ = {isa = PBXFileReference; lastKnownFileType = text.plist.xml; path = Info.plist; sourceTree = "<group>"; };
		5A843ACE1B304FD900ABD065 /* main.m */ = {isa = PBXFileReference; lastKnownFileType = sourcecode.c.objc; path = main.m; sourceTree = "<group>"; };
		5A843AD01B304FD900ABD065 /* AppDelegate.h */ = {isa = PBXFileReference; lastKnownFileType = sourcecode.c.h; path = AppDelegate.h; sourceTree = "<group>"; };
		5A843AD11B304FD900ABD065 /* AppDelegate.m */ = {isa = PBXFileReference; lastKnownFileType = sourcecode.c.objc; path = AppDelegate.m; sourceTree = "<group>"; };
		5A843AD31B304FD900ABD065 /* ViewController.h */ = {isa = PBXFileReference; lastKnownFileType = sourcecode.c.h; path = ViewController.h; sourceTree = "<group>"; };
		5A843AD41B304FD900ABD065 /* ViewController.m */ = {isa = PBXFileReference; lastKnownFileType = sourcecode.c.objc; path = ViewController.m; sourceTree = "<group>"; };
		5A843AD71B304FD900ABD065 /* Base */ = {isa = PBXFileReference; lastKnownFileType = file.storyboard; name = Base; path = Base.lproj/Main.storyboard; sourceTree = "<group>"; };
		5A843AD91B304FD900ABD065 /* Images.xcassets */ = {isa = PBXFileReference; lastKnownFileType = folder.assetcatalog; path = Images.xcassets; sourceTree = "<group>"; };
		5A843ADC1B304FD900ABD065 /* Base */ = {isa = PBXFileReference; lastKnownFileType = file.xib; name = Base; path = Base.lproj/LaunchScreen.xib; sourceTree = "<group>"; };
		5A843AE21B304FD900ABD065 /* ChatKeyBoardTests.xctest */ = {isa = PBXFileReference; explicitFileType = wrapper.cfbundle; includeInIndex = 0; path = ChatKeyBoardTests.xctest; sourceTree = BUILT_PRODUCTS_DIR; };
		5A843AE71B304FD900ABD065 /* Info.plist */ = {isa = PBXFileReference; lastKnownFileType = text.plist.xml; path = Info.plist; sourceTree = "<group>"; };
		5A843AE81B304FD900ABD065 /* ChatKeyBoardTests.m */ = {isa = PBXFileReference; lastKnownFileType = sourcecode.c.objc; path = ChatKeyBoardTests.m; sourceTree = "<group>"; };
		5A843AF51B3050D200ABD065 /* YGMessageController.h */ = {isa = PBXFileReference; fileEncoding = 4; lastKnownFileType = sourcecode.c.h; path = YGMessageController.h; sourceTree = "<group>"; };
		5A843AF61B3050D200ABD065 /* YGMessageController.m */ = {isa = PBXFileReference; fileEncoding = 4; lastKnownFileType = sourcecode.c.objc; path = YGMessageController.m; sourceTree = "<group>"; };
		5A843AF81B3051AB00ABD065 /* YGMessage.h */ = {isa = PBXFileReference; fileEncoding = 4; lastKnownFileType = sourcecode.c.h; path = YGMessage.h; sourceTree = "<group>"; };
		5A843AF91B3051AB00ABD065 /* YGMessage.m */ = {isa = PBXFileReference; fileEncoding = 4; lastKnownFileType = sourcecode.c.objc; path = YGMessage.m; sourceTree = "<group>"; };
		5A843AFB1B3051D500ABD065 /* YGSender.h */ = {isa = PBXFileReference; fileEncoding = 4; lastKnownFileType = sourcecode.c.h; path = YGSender.h; sourceTree = "<group>"; };
		5A843AFC1B3051D500ABD065 /* YGSender.m */ = {isa = PBXFileReference; fileEncoding = 4; lastKnownFileType = sourcecode.c.objc; path = YGSender.m; sourceTree = "<group>"; };
		5A843AFE1B30528500ABD065 /* YGInputView.h */ = {isa = PBXFileReference; fileEncoding = 4; lastKnownFileType = sourcecode.c.h; path = YGInputView.h; sourceTree = "<group>"; };
		5A843AFF1B30528500ABD065 /* YGInputView.m */ = {isa = PBXFileReference; fileEncoding = 4; lastKnownFileType = sourcecode.c.objc; path = YGInputView.m; sourceTree = "<group>"; };
		C82C373D171E40C6360C4687 /* Pods.release.xcconfig */ = {isa = PBXFileReference; includeInIndex = 1; lastKnownFileType = text.xcconfig; name = Pods.release.xcconfig; path = "Pods/Target Support Files/Pods/Pods.release.xcconfig"; sourceTree = "<group>"; };
		FF0564CFC67AC9C7789FBACF /* Pods.debug.xcconfig */ = {isa = PBXFileReference; includeInIndex = 1; lastKnownFileType = text.xcconfig; name = Pods.debug.xcconfig; path = "Pods/Target Support Files/Pods/Pods.debug.xcconfig"; sourceTree = "<group>"; };
/* End PBXFileReference section */

/* Begin PBXFrameworksBuildPhase section */
		5A843AC61B304FD900ABD065 /* Frameworks */ = {
			isa = PBXFrameworksBuildPhase;
			buildActionMask = 2147483647;
			files = (
				40DAA478382529AFA9063951 /* libPods.a in Frameworks */,
			);
			runOnlyForDeploymentPostprocessing = 0;
		};
		5A843ADF1B304FD900ABD065 /* Frameworks */ = {
			isa = PBXFrameworksBuildPhase;
			buildActionMask = 2147483647;
			files = (
			);
			runOnlyForDeploymentPostprocessing = 0;
		};
/* End PBXFrameworksBuildPhase section */

/* Begin PBXGroup section */
		063EF2E4D648FD640E11F16D /* Pods */ = {
			isa = PBXGroup;
			children = (
				FF0564CFC67AC9C7789FBACF /* Pods.debug.xcconfig */,
				C82C373D171E40C6360C4687 /* Pods.release.xcconfig */,
			);
			name = Pods;
			sourceTree = "<group>";
		};
		5A5BBCC01B31A2A100F60D87 /* Global */ = {
			isa = PBXGroup;
			children = (
				5A5BBCC11B31A2BB00F60D87 /* YGGlobalHeader.h */,
			);
			path = Global;
			sourceTree = "<group>";
		};
		5A5BBCCB1B31AD9600F60D87 /* Resources */ = {
			isa = PBXGroup;
			children = (
				5A5BBCCC1B31ADFB00F60D87 /* Expression */,
				5A5BBCCD1B31ADFB00F60D87 /* Message */,
				5A5BBCCE1B31ADFB00F60D87 /* ToolView */,
			);
			path = Resources;
			sourceTree = "<group>";
		};
		5A5BBCCC1B31ADFB00F60D87 /* Expression */ = {
			isa = PBXGroup;
			children = (
			);
			path = Expression;
			sourceTree = "<group>";
		};
		5A5BBCCD1B31ADFB00F60D87 /* Message */ = {
			isa = PBXGroup;
			children = (
			);
			path = Message;
			sourceTree = "<group>";
		};
		5A5BBCCE1B31ADFB00F60D87 /* ToolView */ = {
			isa = PBXGroup;
			children = (
				5A5BBCE71B31BE2000F60D87 /* TypeSelectorBtn_Black@2x.png */,
				5A5BBCE81B31BE2000F60D87 /* TypeSelectorBtn_Black@3x.png */,
				5A5BBCE91B31BE2000F60D87 /* TypeSelectorBtnHL_Black@2x.png */,
				5A5BBCEA1B31BE2000F60D87 /* TypeSelectorBtnHL_Black@3x.png */,
				5A5BBCCF1B31AE0600F60D87 /* ToolViewEmotion@2x.png */,
				5A5BBCD01B31AE0600F60D87 /* ToolViewEmotion@3x.png */,
				5A5BBCD11B31AE0600F60D87 /* ToolViewEmotionHL@2x.png */,
				5A5BBCD21B31AE0600F60D87 /* ToolViewEmotionHL@3x.png */,
				5A5BBCD31B31AE0600F60D87 /* ToolViewInputVoice@2x.png */,
				5A5BBCD41B31AE0600F60D87 /* ToolViewInputVoice@3x.png */,
				5A5BBCD51B31AE0600F60D87 /* ToolViewInputVoiceHL@2x.png */,
				5A5BBCD61B31AE0600F60D87 /* ToolViewInputVoiceHL@3x.png */,
				5A5BBCD71B31AE0600F60D87 /* ToolViewKeyboard@2x.png */,
				5A5BBCD81B31AE0600F60D87 /* ToolViewKeyboard@3x.png */,
				5A5BBCD91B31AE0600F60D87 /* ToolViewKeyboardHL@2x.png */,
				5A5BBCDA1B31AE0600F60D87 /* ToolViewKeyboardHL@3x.png */,
			);
			path = ToolView;
			sourceTree = "<group>";
		};
		5A843AC01B304FD900ABD065 = {
			isa = PBXGroup;
			children = (
				5A843ACB1B304FD900ABD065 /* ChatKeyBoard */,
				5A843AE51B304FD900ABD065 /* ChatKeyBoardTests */,
				5A843ACA1B304FD900ABD065 /* Products */,
				063EF2E4D648FD640E11F16D /* Pods */,
				71B4F8F7813A458CB3568AFE /* Frameworks */,
			);
			sourceTree = "<group>";
		};
		5A843ACA1B304FD900ABD065 /* Products */ = {
			isa = PBXGroup;
			children = (
				5A843AC91B304FD900ABD065 /* ChatKeyBoard.app */,
				5A843AE21B304FD900ABD065 /* ChatKeyBoardTests.xctest */,
			);
			name = Products;
			sourceTree = "<group>";
		};
		5A843ACB1B304FD900ABD065 /* ChatKeyBoard */ = {
			isa = PBXGroup;
			children = (
				5A5BBCCB1B31AD9600F60D87 /* Resources */,
				5A5BBCC01B31A2A100F60D87 /* Global */,
				5A843AF21B30504500ABD065 /* Controller */,
				5A843AF31B30504500ABD065 /* Model */,
				5A843AF41B30504500ABD065 /* View */,
				5A843AD01B304FD900ABD065 /* AppDelegate.h */,
				5A843AD11B304FD900ABD065 /* AppDelegate.m */,
				5A843AD31B304FD900ABD065 /* ViewController.h */,
				5A843AD41B304FD900ABD065 /* ViewController.m */,
				5A843AD61B304FD900ABD065 /* Main.storyboard */,
				5A843AD91B304FD900ABD065 /* Images.xcassets */,
				5A843ADB1B304FD900ABD065 /* LaunchScreen.xib */,
				5A843ACC1B304FD900ABD065 /* Supporting Files */,
			);
			path = ChatKeyBoard;
			sourceTree = "<group>";
		};
		5A843ACC1B304FD900ABD065 /* Supporting Files */ = {
			isa = PBXGroup;
			children = (
				5A843ACD1B304FD900ABD065 /* Info.plist */,
				5A843ACE1B304FD900ABD065 /* main.m */,
			);
			name = "Supporting Files";
			sourceTree = "<group>";
		};
		5A843AE51B304FD900ABD065 /* ChatKeyBoardTests */ = {
			isa = PBXGroup;
			children = (
				5A843AE81B304FD900ABD065 /* ChatKeyBoardTests.m */,
				5A843AE61B304FD900ABD065 /* Supporting Files */,
			);
			path = ChatKeyBoardTests;
			sourceTree = "<group>";
		};
		5A843AE61B304FD900ABD065 /* Supporting Files */ = {
			isa = PBXGroup;
			children = (
				5A843AE71B304FD900ABD065 /* Info.plist */,
			);
			name = "Supporting Files";
			sourceTree = "<group>";
		};
		5A843AF21B30504500ABD065 /* Controller */ = {
			isa = PBXGroup;
			children = (
				5A843AF51B3050D200ABD065 /* YGMessageController.h */,
				5A843AF61B3050D200ABD065 /* YGMessageController.m */,
			);
			path = Controller;
			sourceTree = "<group>";
		};
		5A843AF31B30504500ABD065 /* Model */ = {
			isa = PBXGroup;
			children = (
				5A843AF81B3051AB00ABD065 /* YGMessage.h */,
				5A843AF91B3051AB00ABD065 /* YGMessage.m */,
				5A843AFB1B3051D500ABD065 /* YGSender.h */,
				5A843AFC1B3051D500ABD065 /* YGSender.m */,
			);
			path = Model;
			sourceTree = "<group>";
		};
		5A843AF41B30504500ABD065 /* View */ = {
			isa = PBXGroup;
			children = (
				5A843AFE1B30528500ABD065 /* YGInputView.h */,
				5A843AFF1B30528500ABD065 /* YGInputView.m */,
			);
			path = View;
			sourceTree = "<group>";
		};
		71B4F8F7813A458CB3568AFE /* Frameworks */ = {
			isa = PBXGroup;
			children = (
				29B8AA11EBB2102403E43C63 /* libPods.a */,
			);
			name = Frameworks;
			sourceTree = "<group>";
		};
/* End PBXGroup section */

/* Begin PBXNativeTarget section */
		5A843AC81B304FD900ABD065 /* ChatKeyBoard */ = {
			isa = PBXNativeTarget;
			buildConfigurationList = 5A843AEC1B304FD900ABD065 /* Build configuration list for PBXNativeTarget "ChatKeyBoard" */;
			buildPhases = (
				11CE16C6F32627CF81D94FF1 /* Check Pods Manifest.lock */,
				5A843AC51B304FD900ABD065 /* Sources */,
				5A843AC61B304FD900ABD065 /* Frameworks */,
				5A843AC71B304FD900ABD065 /* Resources */,
				E353845F0758802E51027EC9 /* Copy Pods Resources */,
			);
			buildRules = (
			);
			dependencies = (
			);
			name = ChatKeyBoard;
			productName = ChatKeyBoard;
			productReference = 5A843AC91B304FD900ABD065 /* ChatKeyBoard.app */;
			productType = "com.apple.product-type.application";
		};
		5A843AE11B304FD900ABD065 /* ChatKeyBoardTests */ = {
			isa = PBXNativeTarget;
			buildConfigurationList = 5A843AEF1B304FD900ABD065 /* Build configuration list for PBXNativeTarget "ChatKeyBoardTests" */;
			buildPhases = (
				5A843ADE1B304FD900ABD065 /* Sources */,
				5A843ADF1B304FD900ABD065 /* Frameworks */,
				5A843AE01B304FD900ABD065 /* Resources */,
			);
			buildRules = (
			);
			dependencies = (
				5A843AE41B304FD900ABD065 /* PBXTargetDependency */,
			);
			name = ChatKeyBoardTests;
			productName = ChatKeyBoardTests;
			productReference = 5A843AE21B304FD900ABD065 /* ChatKeyBoardTests.xctest */;
			productType = "com.apple.product-type.bundle.unit-test";
		};
/* End PBXNativeTarget section */

/* Begin PBXProject section */
		5A843AC11B304FD900ABD065 /* Project object */ = {
			isa = PBXProject;
			attributes = {
				LastUpgradeCheck = 0620;
				ORGANIZATIONNAME = "叶根长";
				TargetAttributes = {
					5A843AC81B304FD900ABD065 = {
						CreatedOnToolsVersion = 6.2;
					};
					5A843AE11B304FD900ABD065 = {
						CreatedOnToolsVersion = 6.2;
						TestTargetID = 5A843AC81B304FD900ABD065;
					};
				};
			};
			buildConfigurationList = 5A843AC41B304FD900ABD065 /* Build configuration list for PBXProject "ChatKeyBoard" */;
			compatibilityVersion = "Xcode 3.2";
			developmentRegion = English;
			hasScannedForEncodings = 0;
			knownRegions = (
				en,
				Base,
			);
			mainGroup = 5A843AC01B304FD900ABD065;
			productRefGroup = 5A843ACA1B304FD900ABD065 /* Products */;
			projectDirPath = "";
			projectRoot = "";
			targets = (
				5A843AC81B304FD900ABD065 /* ChatKeyBoard */,
				5A843AE11B304FD900ABD065 /* ChatKeyBoardTests */,
			);
		};
/* End PBXProject section */

/* Begin PBXResourcesBuildPhase section */
		5A843AC71B304FD900ABD065 /* Resources */ = {
			isa = PBXResourcesBuildPhase;
			buildActionMask = 2147483647;
			files = (
				5A5BBCE01B31AE0600F60D87 /* ToolViewInputVoice@3x.png in Resources */,
				5A5BBCE21B31AE0600F60D87 /* ToolViewInputVoiceHL@3x.png in Resources */,
				5A5BBCED1B31BE2000F60D87 /* TypeSelectorBtnHL_Black@2x.png in Resources */,
				5A5BBCE11B31AE0600F60D87 /* ToolViewInputVoiceHL@2x.png in Resources */,
				5A843AD81B304FD900ABD065 /* Main.storyboard in Resources */,
				5A5BBCDE1B31AE0600F60D87 /* ToolViewEmotionHL@3x.png in Resources */,
				5A843ADD1B304FD900ABD065 /* LaunchScreen.xib in Resources */,
				5A5BBCEC1B31BE2000F60D87 /* TypeSelectorBtn_Black@3x.png in Resources */,
				5A5BBCDC1B31AE0600F60D87 /* ToolViewEmotion@3x.png in Resources */,
				5A5BBCEE1B31BE2000F60D87 /* TypeSelectorBtnHL_Black@3x.png in Resources */,
				5A5BBCDD1B31AE0600F60D87 /* ToolViewEmotionHL@2x.png in Resources */,
				5A5BBCE51B31AE0600F60D87 /* ToolViewKeyboardHL@2x.png in Resources */,
				5A5BBCDF1B31AE0600F60D87 /* ToolViewInputVoice@2x.png in Resources */,
				5A843ADA1B304FD900ABD065 /* Images.xcassets in Resources */,
				5A5BBCE31B31AE0600F60D87 /* ToolViewKeyboard@2x.png in Resources */,
				5A5BBCEB1B31BE2000F60D87 /* TypeSelectorBtn_Black@2x.png in Resources */,
				5A5BBCE61B31AE0600F60D87 /* ToolViewKeyboardHL@3x.png in Resources */,
				5A5BBCE41B31AE0600F60D87 /* ToolViewKeyboard@3x.png in Resources */,
				5A5BBCDB1B31AE0600F60D87 /* ToolViewEmotion@2x.png in Resources */,
			);
			runOnlyForDeploymentPostprocessing = 0;
		};
		5A843AE01B304FD900ABD065 /* Resources */ = {
			isa = PBXResourcesBuildPhase;
			buildActionMask = 2147483647;
			files = (
			);
			runOnlyForDeploymentPostprocessing = 0;
		};
/* End PBXResourcesBuildPhase section */

/* Begin PBXShellScriptBuildPhase section */
		11CE16C6F32627CF81D94FF1 /* Check Pods Manifest.lock */ = {
			isa = PBXShellScriptBuildPhase;
			buildActionMask = 2147483647;
			files = (
			);
			inputPaths = (
			);
			name = "Check Pods Manifest.lock";
			outputPaths = (
			);
			runOnlyForDeploymentPostprocessing = 0;
			shellPath = /bin/sh;
			shellScript = "diff \"${PODS_ROOT}/../Podfile.lock\" \"${PODS_ROOT}/Manifest.lock\" > /dev/null\nif [[ $? != 0 ]] ; then\n    cat << EOM\nerror: The sandbox is not in sync with the Podfile.lock. Run 'pod install' or update your CocoaPods installation.\nEOM\n    exit 1\nfi\n";
			showEnvVarsInLog = 0;
		};
		E353845F0758802E51027EC9 /* Copy Pods Resources */ = {
			isa = PBXShellScriptBuildPhase;
			buildActionMask = 2147483647;
			files = (
			);
			inputPaths = (
			);
			name = "Copy Pods Resources";
			outputPaths = (
			);
			runOnlyForDeploymentPostprocessing = 0;
			shellPath = /bin/sh;
			shellScript = "\"${SRCROOT}/Pods/Target Support Files/Pods/Pods-resources.sh\"\n";
			showEnvVarsInLog = 0;
		};
/* End PBXShellScriptBuildPhase section */

/* Begin PBXSourcesBuildPhase section */
		5A843AC51B304FD900ABD065 /* Sources */ = {
			isa = PBXSourcesBuildPhase;
			buildActionMask = 2147483647;
			files = (
				5A843AFD1B3051D500ABD065 /* YGSender.m in Sources */,
				5A843B001B30528500ABD065 /* YGInputView.m in Sources */,
				5A843AD51B304FD900ABD065 /* ViewController.m in Sources */,
				5A843AF71B3050D200ABD065 /* YGMessageController.m in Sources */,
				5A843AD21B304FD900ABD065 /* AppDelegate.m in Sources */,
				5A843ACF1B304FD900ABD065 /* main.m in Sources */,
				5A843AFA1B3051AB00ABD065 /* YGMessage.m in Sources */,
			);
			runOnlyForDeploymentPostprocessing = 0;
		};
		5A843ADE1B304FD900ABD065 /* Sources */ = {
			isa = PBXSourcesBuildPhase;
			buildActionMask = 2147483647;
			files = (
				5A843AE91B304FD900ABD065 /* ChatKeyBoardTests.m in Sources */,
			);
			runOnlyForDeploymentPostprocessing = 0;
		};
/* End PBXSourcesBuildPhase section */

/* Begin PBXTargetDependency section */
		5A843AE41B304FD900ABD065 /* PBXTargetDependency */ = {
			isa = PBXTargetDependency;
			target = 5A843AC81B304FD900ABD065 /* ChatKeyBoard */;
			targetProxy = 5A843AE31B304FD900ABD065 /* PBXContainerItemProxy */;
		};
/* End PBXTargetDependency section */

/* Begin PBXVariantGroup section */
		5A843AD61B304FD900ABD065 /* Main.storyboard */ = {
			isa = PBXVariantGroup;
			children = (
				5A843AD71B304FD900ABD065 /* Base */,
			);
			name = Main.storyboard;
			sourceTree = "<group>";
		};
		5A843ADB1B304FD900ABD065 /* LaunchScreen.xib */ = {
			isa = PBXVariantGroup;
			children = (
				5A843ADC1B304FD900ABD065 /* Base */,
			);
			name = LaunchScreen.xib;
			sourceTree = "<group>";
		};
/* End PBXVariantGroup section */

/* Begin XCBuildConfiguration section */
		5A843AEA1B304FD900ABD065 /* Debug */ = {
			isa = XCBuildConfiguration;
			buildSettings = {
				ALWAYS_SEARCH_USER_PATHS = NO;
				CLANG_CXX_LANGUAGE_STANDARD = "gnu++0x";
				CLANG_CXX_LIBRARY = "libc++";
				CLANG_ENABLE_MODULES = YES;
				CLANG_ENABLE_OBJC_ARC = YES;
				CLANG_WARN_BOOL_CONVERSION = YES;
				CLANG_WARN_CONSTANT_CONVERSION = YES;
				CLANG_WARN_DIRECT_OBJC_ISA_USAGE = YES_ERROR;
				CLANG_WARN_EMPTY_BODY = YES;
				CLANG_WARN_ENUM_CONVERSION = YES;
				CLANG_WARN_INT_CONVERSION = YES;
				CLANG_WARN_OBJC_ROOT_CLASS = YES_ERROR;
				CLANG_WARN_UNREACHABLE_CODE = YES;
				CLANG_WARN__DUPLICATE_METHOD_MATCH = YES;
				"CODE_SIGN_IDENTITY[sdk=iphoneos*]" = "iPhone Developer";
				COPY_PHASE_STRIP = NO;
				ENABLE_STRICT_OBJC_MSGSEND = YES;
				GCC_C_LANGUAGE_STANDARD = gnu99;
				GCC_DYNAMIC_NO_PIC = NO;
				GCC_OPTIMIZATION_LEVEL = 0;
				GCC_PREPROCESSOR_DEFINITIONS = (
					"DEBUG=1",
					"$(inherited)",
				);
				GCC_SYMBOLS_PRIVATE_EXTERN = NO;
				GCC_WARN_64_TO_32_BIT_CONVERSION = YES;
				GCC_WARN_ABOUT_RETURN_TYPE = YES_ERROR;
				GCC_WARN_UNDECLARED_SELECTOR = YES;
				GCC_WARN_UNINITIALIZED_AUTOS = YES_AGGRESSIVE;
				GCC_WARN_UNUSED_FUNCTION = YES;
				GCC_WARN_UNUSED_VARIABLE = YES;
				IPHONEOS_DEPLOYMENT_TARGET = 8.2;
				MTL_ENABLE_DEBUG_INFO = YES;
				ONLY_ACTIVE_ARCH = YES;
				SDKROOT = iphoneos;
			};
			name = Debug;
		};
		5A843AEB1B304FD900ABD065 /* Release */ = {
			isa = XCBuildConfiguration;
			buildSettings = {
				ALWAYS_SEARCH_USER_PATHS = NO;
				CLANG_CXX_LANGUAGE_STANDARD = "gnu++0x";
				CLANG_CXX_LIBRARY = "libc++";
				CLANG_ENABLE_MODULES = YES;
				CLANG_ENABLE_OBJC_ARC = YES;
				CLANG_WARN_BOOL_CONVERSION = YES;
				CLANG_WARN_CONSTANT_CONVERSION = YES;
				CLANG_WARN_DIRECT_OBJC_ISA_USAGE = YES_ERROR;
				CLANG_WARN_EMPTY_BODY = YES;
				CLANG_WARN_ENUM_CONVERSION = YES;
				CLANG_WARN_INT_CONVERSION = YES;
				CLANG_WARN_OBJC_ROOT_CLASS = YES_ERROR;
				CLANG_WARN_UNREACHABLE_CODE = YES;
				CLANG_WARN__DUPLICATE_METHOD_MATCH = YES;
				"CODE_SIGN_IDENTITY[sdk=iphoneos*]" = "iPhone Developer";
				COPY_PHASE_STRIP = NO;
				ENABLE_NS_ASSERTIONS = NO;
				ENABLE_STRICT_OBJC_MSGSEND = YES;
				GCC_C_LANGUAGE_STANDARD = gnu99;
				GCC_WARN_64_TO_32_BIT_CONVERSION = YES;
				GCC_WARN_ABOUT_RETURN_TYPE = YES_ERROR;
				GCC_WARN_UNDECLARED_SELECTOR = YES;
				GCC_WARN_UNINITIALIZED_AUTOS = YES_AGGRESSIVE;
				GCC_WARN_UNUSED_FUNCTION = YES;
				GCC_WARN_UNUSED_VARIABLE = YES;
				IPHONEOS_DEPLOYMENT_TARGET = 8.2;
				MTL_ENABLE_DEBUG_INFO = NO;
				SDKROOT = iphoneos;
				VALIDATE_PRODUCT = YES;
			};
			name = Release;
		};
		5A843AED1B304FD900ABD065 /* Debug */ = {
			isa = XCBuildConfiguration;
			baseConfigurationReference = FF0564CFC67AC9C7789FBACF /* Pods.debug.xcconfig */;
			buildSettings = {
				ASSETCATALOG_COMPILER_APPICON_NAME = AppIcon;
				ASSETCATALOG_COMPILER_LAUNCHIMAGE_NAME = LaunchImage;
				INFOPLIST_FILE = ChatKeyBoard/Info.plist;
				LD_RUNPATH_SEARCH_PATHS = "$(inherited) @executable_path/Frameworks";
				PRODUCT_NAME = "$(TARGET_NAME)";
			};
			name = Debug;
		};
		5A843AEE1B304FD900ABD065 /* Release */ = {
			isa = XCBuildConfiguration;
			baseConfigurationReference = C82C373D171E40C6360C4687 /* Pods.release.xcconfig */;
			buildSettings = {
				ASSETCATALOG_COMPILER_APPICON_NAME = AppIcon;
				ASSETCATALOG_COMPILER_LAUNCHIMAGE_NAME = LaunchImage;
				INFOPLIST_FILE = ChatKeyBoard/Info.plist;
				LD_RUNPATH_SEARCH_PATHS = "$(inherited) @executable_path/Frameworks";
				PRODUCT_NAME = "$(TARGET_NAME)";
			};
			name = Release;
		};
		5A843AF01B304FD900ABD065 /* Debug */ = {
			isa = XCBuildConfiguration;
			buildSettings = {
				BUNDLE_LOADER = "$(TEST_HOST)";
				FRAMEWORK_SEARCH_PATHS = (
					"$(SDKROOT)/Developer/Library/Frameworks",
					"$(inherited)",
				);
				GCC_PREPROCESSOR_DEFINITIONS = (
					"DEBUG=1",
					"$(inherited)",
				);
				INFOPLIST_FILE = ChatKeyBoardTests/Info.plist;
				LD_RUNPATH_SEARCH_PATHS = "$(inherited) @executable_path/Frameworks @loader_path/Frameworks";
				PRODUCT_NAME = "$(TARGET_NAME)";
				TEST_HOST = "$(BUILT_PRODUCTS_DIR)/ChatKeyBoard.app/ChatKeyBoard";
			};
			name = Debug;
		};
		5A843AF11B304FD900ABD065 /* Release */ = {
			isa = XCBuildConfiguration;
			buildSettings = {
				BUNDLE_LOADER = "$(TEST_HOST)";
				FRAMEWORK_SEARCH_PATHS = (
					"$(SDKROOT)/Developer/Library/Frameworks",
					"$(inherited)",
				);
				INFOPLIST_FILE = ChatKeyBoardTests/Info.plist;
				LD_RUNPATH_SEARCH_PATHS = "$(inherited) @executable_path/Frameworks @loader_path/Frameworks";
				PRODUCT_NAME = "$(TARGET_NAME)";
				TEST_HOST = "$(BUILT_PRODUCTS_DIR)/ChatKeyBoard.app/ChatKeyBoard";
			};
			name = Release;
		};
/* End XCBuildConfiguration section */

/* Begin XCConfigurationList section */
		5A843AC41B304FD900ABD065 /* Build configuration list for PBXProject "ChatKeyBoard" */ = {
			isa = XCConfigurationList;
			buildConfigurations = (
				5A843AEA1B304FD900ABD065 /* Debug */,
				5A843AEB1B304FD900ABD065 /* Release */,
			);
			defaultConfigurationIsVisible = 0;
			defaultConfigurationName = Release;
		};
		5A843AEC1B304FD900ABD065 /* Build configuration list for PBXNativeTarget "ChatKeyBoard" */ = {
			isa = XCConfigurationList;
			buildConfigurations = (
				5A843AED1B304FD900ABD065 /* Debug */,
				5A843AEE1B304FD900ABD065 /* Release */,
			);
			defaultConfigurationIsVisible = 0;
			defaultConfigurationName = Release;
		};
		5A843AEF1B304FD900ABD065 /* Build configuration list for PBXNativeTarget "ChatKeyBoardTests" */ = {
			isa = XCConfigurationList;
			buildConfigurations = (
				5A843AF01B304FD900ABD065 /* Debug */,
				5A843AF11B304FD900ABD065 /* Release */,
			);
			defaultConfigurationIsVisible = 0;
			defaultConfigurationName = Release;
		};
/* End XCConfigurationList section */
	};
	rootObject = 5A843AC11B304FD900ABD065 /* Project object */;
}
